# This file is automatically @generated by Cargo.
# It is not intended for manual editing.
version = 4

[[package]]
name = "log"
version = "0.4.26"
source = "registry+https://github.com/rust-lang/crates.io-index"
checksum = "30bde2b3dc3671ae49d8e2e9f044c7c005836e7a023ee57cffa25ab82764bb9e"

[[package]]
name = "zelkel-compiler"
version = "0.1.0"
dependencies = [
 "log",
]
