# This file is automatically @generated by Cargo.
# It is not intended for manual editing.
version = 4

[[package]]
name = "aho-corasick"
version = "1.1.4"
source = "registry+https://github.com/rust-lang/crates.io-index"
checksum = "ddd31a130427c27518df266943a5308ed92d4b226cc639f5a8f1002816174301"
dependencies = [
 "memchr",
]

[[package]]
name = "allocator-api2"
version = "0.2.21"
source = "registry+https://github.com/rust-lang/crates.io-index"
checksum = "683d7910e743518b0e34f1186f92494becacb047c7b6bf616c96772180fef923"

[[package]]
name = "anyhow"
version = "1.0.102"
source = "registry+https://github.com/rust-lang/crates.io-index"
checksum = "7f202df86484c868dbad7eaa557ef785d5c66295e41b460ef922eca0723b842c"

[[package]]
name = "arbitrary"
version = "1.4.2"
source = "registry+https://github.com/rust-lang/crates.io-index"
checksum = "c3d036a3c4ab069c7b410a2ce876bd74808d2d0888a82667669f8e783a898bf1"

[[package]]
name = "bumpalo"
version = "3.20.2"
source = "registry+https://github.com/rust-lang/crates.io-index"
checksum = "5d20789868f4b01b2f2caec9f5c4e0213b41e3e5702a50157d699ae31ced2fcb"
dependencies = [
 "allocator-api2",
]

[[package]]
name = "cfg-if"
version = "1.0.4"
source = "registry+https://github.com/rust-lang/crates.io-index"
checksum = "9330f8b2ff13f34540b44e946ef35111825727b38d33286ef986142615121801"

[[package]]
name = "cranelift-assembler-x64"
version = "0.130.1"
source = "registry+https://github.com/rust-lang/crates.io-index"
checksum = "046d4b584c3bb9b5eb500c8f29549bec36be11000f1ba2a927cef3d1a9875691"
dependencies = [
 "cranelift-assembler-x64-meta",
]

[[package]]
name = "cranelift-assembler-x64-meta"
version = "0.130.1"
source = "registry+https://github.com/rust-lang/crates.io-index"
checksum = "b9b194a7870becb1490366fc0ae392ccd188065ff35f8391e77ac659db6fb977"
dependencies = [
 "cranelift-srcgen",
]

[[package]]
name = "cranelift-bforest"
version = "0.130.1"
source = "registry+https://github.com/rust-lang/crates.io-index"
checksum = "bb6a4ab44c6b371e661846b97dab687387a60ac4e2f864e2d4257284aad9e889"
dependencies = [
 "cranelift-entity",
 "wasmtime-internal-core",
]

[[package]]
name = "cranelift-bitset"
version = "0.130.1"
source = "registry+https://github.com/rust-lang/crates.io-index"
checksum = "b8b7a44150c2f471a94023482bda1902710746e4bed9f9973d60c5a94319b06d"
dependencies = [
 "wasmtime-internal-core",
]

[[package]]
name = "cranelift-codegen"
version = "0.130.1"
source = "registry+https://github.com/rust-lang/crates.io-index"
checksum = "01b06598133b1dd76758b8b95f8d6747c124124aade50cea96a3d88b962da9fa"
dependencies = [
 "bumpalo",
 "cranelift-assembler-x64",
 "cranelift-bforest",
 "cranelift-bitset",
 "cranelift-codegen-meta",
 "cranelift-codegen-shared",
 "cranelift-control",
 "cranelift-entity",
 "cranelift-isle",
 "gimli",
 "hashbrown 0.16.1",
 "libm",
 "log",
 "regalloc2",
 "rustc-hash",
 "serde",
 "smallvec",
 "target-lexicon",
 "wasmtime-internal-core",
]

[[package]]
name = "cranelift-codegen-meta"
version = "0.130.1"
source = "registry+https://github.com/rust-lang/crates.io-index"
checksum = "6190e2e7bcf0a678da2f715363d34ed530fedf7a2f0ab75edaefef72a70465ff"
dependencies = [
 "cranelift-assembler-x64-meta",
 "cranelift-codegen-shared",
 "cranelift-srcgen",
 "heck",
]

[[package]]
name = "cranelift-codegen-shared"
version = "0.130.1"
source = "registry+https://github.com/rust-lang/crates.io-index"
checksum = "f583cf203d1aa8b79560e3b01f929bdacf9070b015eec4ea9c46e22a3f83e4a0"

[[package]]
name = "cranelift-control"
version = "0.130.1"
source = "registry+https://github.com/rust-lang/crates.io-index"
checksum = "803159df35cc398ae54473c150b16d6c77e92ab2948be638488de126a3328fbc"
dependencies = [
 "arbitrary",
]

[[package]]
name = "cranelift-entity"
version = "0.130.1"
source = "registry+https://github.com/rust-lang/crates.io-index"
checksum = "3109e417257082d88087f5bcce677525bdaa8322b88dd7f175ed1a1fd41d546c"
dependencies = [
 "cranelift-bitset",
 "wasmtime-internal-core",
]

[[package]]
name = "cranelift-isle"
version = "0.130.1"
source = "registry+https://github.com/rust-lang/crates.io-index"
checksum = "ec66ea5025c7317383699778282ac98741d68444f956e3b1d7b62f12b7216e67"

[[package]]
name = "cranelift-module"
version = "0.130.1"
source = "registry+https://github.com/rust-lang/crates.io-index"
checksum = "3ac54a8e9eea6444aae370d26eb8515bad89ff538d11d5c6f6c85ef1154ab253"
dependencies = [
 "anyhow",
 "cranelift-codegen",
 "cranelift-control",
]

[[package]]
name = "cranelift-object"
version = "0.130.1"
source = "registry+https://github.com/rust-lang/crates.io-index"
checksum = "a3a2d045d0e88718475884addbf53a793e66fd6736850050e76ebad4cc90c955"
dependencies = [
 "anyhow",
 "cranelift-codegen",
 "cranelift-control",
 "cranelift-module",
 "log",
 "object",
 "target-lexicon",
]

[[package]]
name = "cranelift-srcgen"
version = "0.130.1"
source = "registry+https://github.com/rust-lang/crates.io-index"
checksum = "ef53619d3cd5c78fd998c6d9420547af26b72e6456f94c2a8a2334cb76b42baa"

[[package]]
name = "crc32fast"
version = "1.5.0"
source = "registry+https://github.com/rust-lang/crates.io-index"
checksum = "9481c1c90cbf2ac953f07c8d4a58aa3945c425b7185c9154d67a65e4230da511"
dependencies = [
 "cfg-if",
]

[[package]]
name = "equivalent"
version = "1.0.2"
source = "registry+https://github.com/rust-lang/crates.io-index"
checksum = "877a4ace8713b0bcf2a4e7eec82529c029f1d0619886d18145fea96c3ffe5c0f"

[[package]]
name = "fnv"
version = "1.0.7"
source = "registry+https://github.com/rust-lang/crates.io-index"
checksum = "3f9eec918d3f24069decb9af1554cad7c880e2da24a9afd88aca000531ab82c1"

[[package]]
name = "foldhash"
version = "0.2.0"
source = "registry+https://github.com/rust-lang/crates.io-index"
checksum = "77ce24cb58228fbb8aa041425bb1050850ac19177686ea6e0f41a70416f56fdb"

[[package]]
name = "gimli"
version = "0.33.1"
source = "registry+https://github.com/rust-lang/crates.io-index"
checksum = "19e16c5073773ccf057c282be832a59ee53ef5ff98db3aeff7f8314f52ffc196"
dependencies = [
 "fnv",
 "hashbrown 0.16.1",
 "indexmap",
 "stable_deref_trait",
]

[[package]]
name = "hashbrown"
version = "0.15.5"
source = "registry+https://github.com/rust-lang/crates.io-index"
checksum = "9229cfe53dfd69f0609a49f65461bd93001ea1ef889cd5529dd176593f5338a1"

[[package]]
name = "hashbrown"
version = "0.16.1"
source = "registry+https://github.com/rust-lang/crates.io-index"
checksum = "841d1cc9bed7f9236f321df977030373f4a4163ae1a7dbfe1a51a2c1a51d9100"
dependencies = [
 "foldhash",
]

[[package]]
name = "hashbrown"
version = "0.17.0"
source = "registry+https://github.com/rust-lang/crates.io-index"
checksum = "4f467dd6dccf739c208452f8014c75c18bb8301b050ad1cfb27153803edb0f51"

[[package]]
name = "heck"
version = "0.5.0"
source = "registry+https://github.com/rust-lang/crates.io-index"
checksum = "2304e00983f87ffb38b55b444b5e3b60a884b5d30c0fca7d82fe33449bbe55ea"

[[package]]
name = "indexmap"
version = "2.14.0"
source = "registry+https://github.com/rust-lang/crates.io-index"
checksum = "d466e9454f08e4a911e14806c24e16fba1b4c121d1ea474396f396069cf949d9"
dependencies = [
 "equivalent",
 "hashbrown 0.17.0",
]

[[package]]
name = "libm"
version = "0.2.16"
source = "registry+https://github.com/rust-lang/crates.io-index"
checksum = "b6d2cec3eae94f9f509c767b45932f1ada8350c4bdb85af2fcab4a3c14807981"

[[package]]
name = "log"
version = "0.4.29"
source = "registry+https://github.com/rust-lang/crates.io-index"
checksum = "5e5032e24019045c762d3c0f28f5b6b8bbf38563a65908389bf7978758920897"

[[package]]
name = "logos"
version = "0.16.1"
source = "registry+https://github.com/rust-lang/crates.io-index"
checksum = "eb2c55a318a87600ea870ff8c2012148b44bf18b74fad48d0f835c38c7d07c5f"
dependencies = [
 "logos-derive",
]

[[package]]
name = "logos-codegen"
version = "0.16.1"
source = "registry+https://github.com/rust-lang/crates.io-index"
checksum = "58b3ffaa284e1350d017a57d04ada118c4583cf260c8fb01e0fe28a2e9cf8970"
dependencies = [
 "fnv",
 "proc-macro2",
 "quote",
 "regex-automata",
 "regex-syntax",
 "syn",
]

[[package]]
name = "logos-derive"
version = "0.16.1"
source = "registry+https://github.com/rust-lang/crates.io-index"
checksum = "52d3a9855747c17eaf4383823f135220716ab49bea5fbea7dd42cc9a92f8aa31"
dependencies = [
 "logos-codegen",
]

[[package]]
name = "memchr"
version = "2.8.0"
source = "registry+https://github.com/rust-lang/crates.io-index"
checksum = "f8ca58f447f06ed17d5fc4043ce1b10dd205e060fb3ce5b979b8ed8e59ff3f79"

[[package]]
name = "nom"
version = "8.0.0"
source = "registry+https://github.com/rust-lang/crates.io-index"
checksum = "df9761775871bdef83bee530e60050f7e54b1105350d6884eb0fb4f46c2f9405"
dependencies = [
 "memchr",
]

[[package]]
name = "object"
version = "0.38.1"
source = "registry+https://github.com/rust-lang/crates.io-index"
checksum = "271638cd5fa9cca89c4c304675ca658efc4e64a66c716b7cfe1afb4b9611dbbc"
dependencies = [
 "crc32fast",
 "hashbrown 0.16.1",
 "indexmap",
 "memchr",
]

[[package]]
name = "proc-macro2"
version = "1.0.106"
source = "registry+https://github.com/rust-lang/crates.io-index"
checksum = "8fd00f0bb2e90d81d1044c2b32617f68fcb9fa3bb7640c23e9c748e53fb30934"
dependencies = [
 "unicode-ident",
]

[[package]]
name = "quote"
version = "1.0.45"
source = "registry+https://github.com/rust-lang/crates.io-index"
checksum = "41f2619966050689382d2b44f664f4bc593e129785a36d6ee376ddf37259b924"
dependencies = [
 "proc-macro2",
]

[[package]]
name = "regalloc2"
version = "0.15.0"
source = "registry+https://github.com/rust-lang/crates.io-index"
checksum = "952ddbfc6f9f64d006c3efd8c9851a6ba2f2b944ba94730db255d55006e0ffda"
dependencies = [
 "allocator-api2",
 "bumpalo",
 "hashbrown 0.15.5",
 "log",
 "rustc-hash",
 "smallvec",
]

[[package]]
name = "regex-automata"
version = "0.4.14"
source = "registry+https://github.com/rust-lang/crates.io-index"
checksum = "6e1dd4122fc1595e8162618945476892eefca7b88c52820e74af6262213cae8f"
dependencies = [
 "aho-corasick",
 "memchr",
 "regex-syntax",
]

[[package]]
name = "regex-syntax"
version = "0.8.10"
source = "registry+https://github.com/rust-lang/crates.io-index"
checksum = "dc897dd8d9e8bd1ed8cdad82b5966c3e0ecae09fb1907d58efaa013543185d0a"

[[package]]
name = "rustc-hash"
version = "2.1.2"
source = "registry+https://github.com/rust-lang/crates.io-index"
checksum = "94300abf3f1ae2e2b8ffb7b58043de3d399c73fa6f4b73826402a5c457614dbe"

[[package]]
name = "serde"
version = "1.0.228"
source = "registry+https://github.com/rust-lang/crates.io-index"
checksum = "9a8e94ea7f378bd32cbbd37198a4a91436180c5bb472411e48b5ec2e2124ae9e"
dependencies = [
 "serde_core",
]

[[package]]
name = "serde_core"
version = "1.0.228"
source = "registry+https://github.com/rust-lang/crates.io-index"
checksum = "41d385c7d4ca58e59fc732af25c3983b67ac852c1a25000afe1175de458b67ad"
dependencies = [
 "serde_derive",
]

[[package]]
name = "serde_derive"
version = "1.0.228"
source = "registry+https://github.com/rust-lang/crates.io-index"
checksum = "d540f220d3187173da220f885ab66608367b6574e925011a9353e4badda91d79"
dependencies = [
 "proc-macro2",
 "quote",
 "syn",
]

[[package]]
name = "smallvec"
version = "1.15.1"
source = "registry+https://github.com/rust-lang/crates.io-index"
checksum = "67b1b7a3b5fe4f1376887184045fcf45c69e92af734b7aaddc05fb777b6fbd03"

[[package]]
name = "stable_deref_trait"
version = "1.2.1"
source = "registry+https://github.com/rust-lang/crates.io-index"
checksum = "6ce2be8dc25455e1f91df71bfa12ad37d7af1092ae736f3a6cd0e37bc7810596"

[[package]]
name = "syn"
version = "2.0.117"
source = "registry+https://github.com/rust-lang/crates.io-index"
checksum = "e665b8803e7b1d2a727f4023456bbbbe74da67099c585258af0ad9c5013b9b99"
dependencies = [
 "proc-macro2",
 "quote",
 "unicode-ident",
]

[[package]]
name = "target-lexicon"
version = "0.13.5"
source = "registry+https://github.com/rust-lang/crates.io-index"
checksum = "adb6935a6f5c20170eeceb1a3835a49e12e19d792f6dd344ccc76a985ca5a6ca"

[[package]]
name = "unicode-ident"
version = "1.0.24"
source = "registry+https://github.com/rust-lang/crates.io-index"
checksum = "e6e4313cd5fcd3dad5cafa179702e2b244f760991f45397d14d4ebf38247da75"

[[package]]
name = "wasmtime-internal-core"
version = "43.0.1"
source = "registry+https://github.com/rust-lang/crates.io-index"
checksum = "22632b187e1b0716f1b9ac57ad29013bed33175fcb19e10bb6896126f82fac67"
dependencies = [
 "hashbrown 0.16.1",
 "libm",
]

[[package]]
name = "zelkel"
version = "0.1.0"
dependencies = [
 "cranelift-codegen",
 "cranelift-module",
 "cranelift-object",
 "logos",
 "nom",
]
